
Microsoft Visual Studio Solution File, Format Version 12.00
# Visual Studio Version 17
VisualStudioVersion = 17.6.33829.357
MinimumVisualStudioVersion = 10.0.40219.1
Project("{FAE04EC0-301F-11D3-BF4B-00C04F79EFBC}") = "Homework_4_1", "Homework_4_1\Homework_4_1.csproj", "{DB0C9AB8-6DC9-4107-8C00-85E871FD7D91}"
EndProject
Global
	GlobalSection(SolutionConfigurationPlatforms) = preSolution
		Debug|Any CPU = Debug|Any CPU
		Release|Any CPU = Release|Any CPU
	EndGlobalSection
	GlobalSection(ProjectConfigurationPlatforms) = postSolution
		{DB0C9AB8-6DC9-4107-8C00-85E871FD7D91}.Debug|Any CPU.ActiveCfg = Debug|Any CPU
		{DB0C9AB8-6DC9-4107-8C00-85E871FD7D91}.Debug|Any CPU.Build.0 = Debug|Any CPU
		{DB0C9AB8-6DC9-4107-8C00-85E871FD7D91}.Release|Any CPU.ActiveCfg = Release|Any CPU
		{DB0C9AB8-6DC9-4107-8C00-85E871FD7D91}.Release|Any CPU.Build.0 = Release|Any CPU
	EndGlobalSection
	GlobalSection(SolutionProperties) = preSolution
		HideSolutionNode = FALSE
	EndGlobalSection
	GlobalSection(ExtensibilityGlobals) = postSolution
		SolutionGuid = {100DD629-18D1-4B66-80B2-AD2181F2D715}
	EndGlobalSection
EndGlobal
